
Microsoft Visual Studio Solution File, Format Version 12.00
# Visual Studio Version 16
VisualStudioVersion = 16.0.33801.447
MinimumVisualStudioVersion = 10.0.40219.1
Project("{9A19103F-16F7-4668-BE54-9A1E7A4F7556}") = "GurmanBookStore", "GurmanBookStore.csproj", "{259F6BC9-1DF7-42DC-8BCA-B7612B61D308}"
EndProject
Project("{9A19103F-16F7-4668-BE54-9A1E7A4F7556}") = "GurmanBooks.DataAccess", "..\GurmanBook.DataAccess\GurmanBooks.DataAccess.csproj", "{87041244-09C7-42E8-A92C-139D0F1463E6}"
EndProject
Project("{9A19103F-16F7-4668-BE54-9A1E7A4F7556}") = "GurmanBooks.Models", "..\GurmanBooks.Models\GurmanBooks.Models.csproj", "{C16F968A-7E33-48AC-9492-C8B2C1BB2FE5}"
EndProject
Project("{9A19103F-16F7-4668-BE54-9A1E7A4F7556}") = "GurmanBooks.Utility", "..\GurmanBooks.Utility\GurmanBooks.Utility.csproj", "{EAD95ED8-E7FE-48FE-BA72-0FD08AFB3747}"
EndProject
Global
	GlobalSection(SolutionConfigurationPlatforms) = preSolution
		Debug|Any CPU = Debug|Any CPU
		Release|Any CPU = Release|Any CPU
	EndGlobalSection
	GlobalSection(ProjectConfigurationPlatforms) = postSolution
		{259F6BC9-1DF7-42DC-8BCA-B7612B61D308}.Debug|Any CPU.ActiveCfg = Debug|Any CPU
		{259F6BC9-1DF7-42DC-8BCA-B7612B61D308}.Debug|Any CPU.Build.0 = Debug|Any CPU
		{259F6BC9-1DF7-42DC-8BCA-B7612B61D308}.Release|Any CPU.ActiveCfg = Release|Any CPU
		{259F6BC9-1DF7-42DC-8BCA-B7612B61D308}.Release|Any CPU.Build.0 = Release|Any CPU
		{87041244-09C7-42E8-A92C-139D0F1463E6}.Debug|Any CPU.ActiveCfg = Debug|Any CPU
		{87041244-09C7-42E8-A92C-139D0F1463E6}.Debug|Any CPU.Build.0 = Debug|Any CPU
		{87041244-09C7-42E8-A92C-139D0F1463E6}.Release|Any CPU.ActiveCfg = Release|Any CPU
		{87041244-09C7-42E8-A92C-139D0F1463E6}.Release|Any CPU.Build.0 = Release|Any CPU
		{C16F968A-7E33-48AC-9492-C8B2C1BB2FE5}.Debug|Any CPU.ActiveCfg = Debug|Any CPU
		{C16F968A-7E33-48AC-9492-C8B2C1BB2FE5}.Debug|Any CPU.Build.0 = Debug|Any CPU
		{C16F968A-7E33-48AC-9492-C8B2C1BB2FE5}.Release|Any CPU.ActiveCfg = Release|Any CPU
		{C16F968A-7E33-48AC-9492-C8B2C1BB2FE5}.Release|Any CPU.Build.0 = Release|Any CPU
		{EAD95ED8-E7FE-48FE-BA72-0FD08AFB3747}.Debug|Any CPU.ActiveCfg = Debug|Any CPU
		{EAD95ED8-E7FE-48FE-BA72-0FD08AFB3747}.Debug|Any CPU.Build.0 = Debug|Any CPU
		{EAD95ED8-E7FE-48FE-BA72-0FD08AFB3747}.Release|Any CPU.ActiveCfg = Release|Any CPU
		{EAD95ED8-E7FE-48FE-BA72-0FD08AFB3747}.Release|Any CPU.Build.0 = Release|Any CPU
	EndGlobalSection
	GlobalSection(SolutionProperties) = preSolution
		HideSolutionNode = FALSE
	EndGlobalSection
	GlobalSection(ExtensibilityGlobals) = postSolution
		SolutionGuid = {A2816040-D856-478A-9605-5D583D1DFED5}
	EndGlobalSection
EndGlobal
